
Microsoft Visual Studio Solution File, Format Version 12.00
# Visual Studio Version 17
VisualStudioVersion = 17.5.002.0
MinimumVisualStudioVersion = 10.0.40219.1
Project("{9A19103F-16F7-4668-BE54-9A1E7A4F7556}") = "APBD_zad1", "APBD_zad1.csproj", "{2419C5F6-ABBE-4EA1-A2D7-AAB42A7C81FF}"
EndProject
Global
	GlobalSection(SolutionConfigurationPlatforms) = preSolution
		Debug|Any CPU = Debug|Any CPU
		Release|Any CPU = Release|Any CPU
	EndGlobalSection
	GlobalSection(ProjectConfigurationPlatforms) = postSolution
		{2419C5F6-ABBE-4EA1-A2D7-AAB42A7C81FF}.Debug|Any CPU.ActiveCfg = Debug|Any CPU
		{2419C5F6-ABBE-4EA1-A2D7-AAB42A7C81FF}.Debug|Any CPU.Build.0 = Debug|Any CPU
		{2419C5F6-ABBE-4EA1-A2D7-AAB42A7C81FF}.Release|Any CPU.ActiveCfg = Release|Any CPU
		{2419C5F6-ABBE-4EA1-A2D7-AAB42A7C81FF}.Release|Any CPU.Build.0 = Release|Any CPU
	EndGlobalSection
	GlobalSection(SolutionProperties) = preSolution
		HideSolutionNode = FALSE
	EndGlobalSection
	GlobalSection(ExtensibilityGlobals) = postSolution
		SolutionGuid = {93EBF312-7140-4FE2-B0B7-B3EC37E0BB93}
	EndGlobalSection
EndGlobal
